
Microsoft Visual Studio Solution File, Format Version 12.00
# Visual Studio Version 17
VisualStudioVersion = 17.5.002.0
MinimumVisualStudioVersion = 10.0.40219.1
Project("{9A19103F-16F7-4668-BE54-9A1E7A4F7556}") = "HomeEnergyApi", "HomeEnergyApi\HomeEnergyApi.csproj", "{09A7B447-BB99-434A-B5DF-CDC6107736FD}"
EndProject
Project("{9A19103F-16F7-4668-BE54-9A1E7A4F7556}") = "HomeEnergyApi.Tests", "HomeEnergyApi.Tests\HomeEnergyApi.Tests.csproj", "{CCCE0D45-C4CD-47EA-9140-3DF6A5D3DA21}"
EndProject
Global
	GlobalSection(SolutionConfigurationPlatforms) = preSolution
		Debug|Any CPU = Debug|Any CPU
		Release|Any CPU = Release|Any CPU
	EndGlobalSection
	GlobalSection(ProjectConfigurationPlatforms) = postSolution
		{09A7B447-BB99-434A-B5DF-CDC6107736FD}.Debug|Any CPU.ActiveCfg = Debug|Any CPU
		{09A7B447-BB99-434A-B5DF-CDC6107736FD}.Debug|Any CPU.Build.0 = Debug|Any CPU
		{09A7B447-BB99-434A-B5DF-CDC6107736FD}.Release|Any CPU.ActiveCfg = Release|Any CPU
		{09A7B447-BB99-434A-B5DF-CDC6107736FD}.Release|Any CPU.Build.0 = Release|Any CPU
		{CCCE0D45-C4CD-47EA-9140-3DF6A5D3DA21}.Debug|Any CPU.ActiveCfg = Debug|Any CPU
		{CCCE0D45-C4CD-47EA-9140-3DF6A5D3DA21}.Debug|Any CPU.Build.0 = Debug|Any CPU
		{CCCE0D45-C4CD-47EA-9140-3DF6A5D3DA21}.Release|Any CPU.ActiveCfg = Release|Any CPU
		{CCCE0D45-C4CD-47EA-9140-3DF6A5D3DA21}.Release|Any CPU.Build.0 = Release|Any CPU
	EndGlobalSection
	GlobalSection(SolutionProperties) = preSolution
		HideSolutionNode = FALSE
	EndGlobalSection
	GlobalSection(ExtensibilityGlobals) = postSolution
		SolutionGuid = {135CC5C3-F583-4501-8CC5-F2E49AE170CC}
	EndGlobalSection
EndGlobal
